
Microsoft Visual Studio Solution File, Format Version 12.00
# Visual Studio Version 16
VisualStudioVersion = 16.0.30114.105
MinimumVisualStudioVersion = 10.0.40219.1
Project("{2150E333-8FDC-42A3-9474-1A3956D46DE8}") = "Assignment_OOP201_TaoLopVaDoiTuong", "Assignment_OOP201_TaoLopVaDoiTuong", "{BA655B20-4B0A-4DF0-9A1E-1B1834A8BE93}"
EndProject
Project("{FAE04EC0-301F-11D3-BF4B-00C04F79EFBC}") = "Assignment_201", "Assignment_OOP201_TaoLopVaDoiTuong\Assignment_201\Assignment_201.csproj", "{2F7CF4CE-2E16-40A5-B35B-63D20BB94120}"
EndProject
Global
	GlobalSection(SolutionConfigurationPlatforms) = preSolution
		Debug|Any CPU = Debug|Any CPU
		Release|Any CPU = Release|Any CPU
	EndGlobalSection
	GlobalSection(SolutionProperties) = preSolution
		HideSolutionNode = FALSE
	EndGlobalSection
	GlobalSection(ProjectConfigurationPlatforms) = postSolution
		{2F7CF4CE-2E16-40A5-B35B-63D20BB94120}.Debug|Any CPU.ActiveCfg = Debug|Any CPU
		{2F7CF4CE-2E16-40A5-B35B-63D20BB94120}.Debug|Any CPU.Build.0 = Debug|Any CPU
		{2F7CF4CE-2E16-40A5-B35B-63D20BB94120}.Release|Any CPU.ActiveCfg = Release|Any CPU
		{2F7CF4CE-2E16-40A5-B35B-63D20BB94120}.Release|Any CPU.Build.0 = Release|Any CPU
	EndGlobalSection
	GlobalSection(NestedProjects) = preSolution
		{2F7CF4CE-2E16-40A5-B35B-63D20BB94120} = {BA655B20-4B0A-4DF0-9A1E-1B1834A8BE93}
	EndGlobalSection
EndGlobal
